
Microsoft Visual Studio Solution File, Format Version 12.00
# Visual Studio Version 16
VisualStudioVersion = 16.0.30720.103
MinimumVisualStudioVersion = 10.0.40219.1
Project("{888888A0-9F3D-457C-B088-3A5042F75D52}") = "DjangoWebProject10", "DjangoWebProject10.pyproj", "{DB75C2C1-4CEF-44D2-AC1A-B2A211BFC215}"
EndProject
Global
	GlobalSection(SolutionConfigurationPlatforms) = preSolution
		Debug|Any CPU = Debug|Any CPU
		Release|Any CPU = Release|Any CPU
	EndGlobalSection
	GlobalSection(ProjectConfigurationPlatforms) = postSolution
		{DB75C2C1-4CEF-44D2-AC1A-B2A211BFC215}.Debug|Any CPU.ActiveCfg = Debug|Any CPU
		{DB75C2C1-4CEF-44D2-AC1A-B2A211BFC215}.Debug|Any CPU.Build.0 = Debug|Any CPU
		{DB75C2C1-4CEF-44D2-AC1A-B2A211BFC215}.Release|Any CPU.ActiveCfg = Release|Any CPU
		{DB75C2C1-4CEF-44D2-AC1A-B2A211BFC215}.Release|Any CPU.Build.0 = Release|Any CPU
	EndGlobalSection
	GlobalSection(SolutionProperties) = preSolution
		HideSolutionNode = FALSE
	EndGlobalSection
	GlobalSection(ExtensibilityGlobals) = postSolution
		SolutionGuid = {298AD461-678C-4E28-B9A1-A5436FDA7973}
	EndGlobalSection
EndGlobal
